
Microsoft Visual Studio Solution File, Format Version 12.00
# Visual Studio Version 17
VisualStudioVersion = 17.6.33829.357
MinimumVisualStudioVersion = 10.0.40219.1
Project("{FAE04EC0-301F-11D3-BF4B-00C04F79EFBC}") = "RetailStore", "RetailStore\RetailStore.csproj", "{647AEA3C-7785-4B02-8958-0759639F96DA}"
EndProject
Global
	GlobalSection(SolutionConfigurationPlatforms) = preSolution
		Debug|Any CPU = Debug|Any CPU
		Release|Any CPU = Release|Any CPU
	EndGlobalSection
	GlobalSection(ProjectConfigurationPlatforms) = postSolution
		{647AEA3C-7785-4B02-8958-0759639F96DA}.Debug|Any CPU.ActiveCfg = Debug|Any CPU
		{647AEA3C-7785-4B02-8958-0759639F96DA}.Debug|Any CPU.Build.0 = Debug|Any CPU
		{647AEA3C-7785-4B02-8958-0759639F96DA}.Release|Any CPU.ActiveCfg = Release|Any CPU
		{647AEA3C-7785-4B02-8958-0759639F96DA}.Release|Any CPU.Build.0 = Release|Any CPU
	EndGlobalSection
	GlobalSection(SolutionProperties) = preSolution
		HideSolutionNode = FALSE
	EndGlobalSection
	GlobalSection(ExtensibilityGlobals) = postSolution
		SolutionGuid = {CC34936D-EF9F-48EC-AFFD-66D1B40D7CDD}
	EndGlobalSection
EndGlobal
